Microsoft Visual Studio Solution File, Format Version 12.00
# Visual Studio 15
VisualStudioVersion = 15.0.27130.2027
MinimumVisualStudioVersion = 15.0.26124.0
Project("{9A19103F-16F7-4668-BE54-9A1E7A4F7556}") = "NBAWorld.Server", "NBAWorld.Server\NBAWorld.Server.csproj", "{A6434910-B02A-43C6-ACF4-E35E9F2F8CED}"
EndProject
Project("{9A19103F-16F7-4668-BE54-9A1E7A4F7556}") = "NBAWorld.Client", "NBAWorld.Client\NBAWorld.Client.csproj", "{F20F9947-2C5F-4A99-80B5-3F4AB3169789}"
EndProject
Project("{9A19103F-16F7-4668-BE54-9A1E7A4F7556}") = "NBAWorld.Shared", "NBAWorld.Shared\NBAWorld.Shared.csproj", "{664A1223-3CB2-4F55-8369-6AF7FCAB739E}"
EndProject
Global
	GlobalSection(SolutionConfigurationPlatforms) = preSolution
		Debug|Any CPU = Debug|Any CPU
		Debug|x64 = Debug|x64
		Debug|x86 = Debug|x86
		Release|Any CPU = Release|Any CPU
		Release|x64 = Release|x64
		Release|x86 = Release|x86
	EndGlobalSection
	GlobalSection(ProjectConfigurationPlatforms) = postSolution
		{F20F9947-2C5F-4A99-80B5-3F4AB3169789}.Debug|Any CPU.ActiveCfg = Debug|Any CPU
		{F20F9947-2C5F-4A99-80B5-3F4AB3169789}.Debug|Any CPU.Build.0 = Debug|Any CPU
		{F20F9947-2C5F-4A99-80B5-3F4AB3169789}.Debug|x64.ActiveCfg = Debug|Any CPU
		{F20F9947-2C5F-4A99-80B5-3F4AB3169789}.Debug|x64.Build.0 = Debug|Any CPU
		{F20F9947-2C5F-4A99-80B5-3F4AB3169789}.Debug|x86.ActiveCfg = Debug|Any CPU
		{F20F9947-2C5F-4A99-80B5-3F4AB3169789}.Debug|x86.Build.0 = Debug|Any CPU
		{F20F9947-2C5F-4A99-80B5-3F4AB3169789}.Release|Any CPU.ActiveCfg = Release|Any CPU
		{F20F9947-2C5F-4A99-80B5-3F4AB3169789}.Release|Any CPU.Build.0 = Release|Any CPU
		{F20F9947-2C5F-4A99-80B5-3F4AB3169789}.Release|x64.ActiveCfg = Release|Any CPU
		{F20F9947-2C5F-4A99-80B5-3F4AB3169789}.Release|x64.Build.0 = Release|Any CPU
		{F20F9947-2C5F-4A99-80B5-3F4AB3169789}.Release|x86.ActiveCfg = Release|Any CPU
		{F20F9947-2C5F-4A99-80B5-3F4AB3169789}.Release|x86.Build.0 = Release|Any CPU
		{A6434910-B02A-43C6-ACF4-E35E9F2F8CED}.Debug|Any CPU.ActiveCfg = Debug|Any CPU
		{A6434910-B02A-43C6-ACF4-E35E9F2F8CED}.Debug|Any CPU.Build.0 = Debug|Any CPU
		{A6434910-B02A-43C6-ACF4-E35E9F2F8CED}.Debug|x64.ActiveCfg = Debug|Any CPU
		{A6434910-B02A-43C6-ACF4-E35E9F2F8CED}.Debug|x64.Build.0 = Debug|Any CPU
		{A6434910-B02A-43C6-ACF4-E35E9F2F8CED}.Debug|x86.ActiveCfg = Debug|Any CPU
		{A6434910-B02A-43C6-ACF4-E35E9F2F8CED}.Debug|x86.Build.0 = Debug|Any CPU
		{A6434910-B02A-43C6-ACF4-E35E9F2F8CED}.Release|Any CPU.ActiveCfg = Release|Any CPU
		{A6434910-B02A-43C6-ACF4-E35E9F2F8CED}.Release|Any CPU.Build.0 = Release|Any CPU
		{A6434910-B02A-43C6-ACF4-E35E9F2F8CED}.Release|x64.ActiveCfg = Release|Any CPU
		{A6434910-B02A-43C6-ACF4-E35E9F2F8CED}.Release|x64.Build.0 = Release|Any CPU
		{A6434910-B02A-43C6-ACF4-E35E9F2F8CED}.Release|x86.ActiveCfg = Release|Any CPU
		{A6434910-B02A-43C6-ACF4-E35E9F2F8CED}.Release|x86.Build.0 = Release|Any CPU
		{664A1223-3CB2-4F55-8369-6AF7FCAB739E}.Debug|Any CPU.ActiveCfg = Debug|Any CPU
		{664A1223-3CB2-4F55-8369-6AF7FCAB739E}.Debug|Any CPU.Build.0 = Debug|Any CPU
		{664A1223-3CB2-4F55-8369-6AF7FCAB739E}.Debug|x64.ActiveCfg = Debug|Any CPU
		{664A1223-3CB2-4F55-8369-6AF7FCAB739E}.Debug|x64.Build.0 = Debug|Any CPU
		{664A1223-3CB2-4F55-8369-6AF7FCAB739E}.Debug|x86.ActiveCfg = Debug|Any CPU
		{664A1223-3CB2-4F55-8369-6AF7FCAB739E}.Debug|x86.Build.0 = Debug|Any CPU
		{664A1223-3CB2-4F55-8369-6AF7FCAB739E}.Release|Any CPU.ActiveCfg = Release|Any CPU
		{664A1223-3CB2-4F55-8369-6AF7FCAB739E}.Release|Any CPU.Build.0 = Release|Any CPU
		{664A1223-3CB2-4F55-8369-6AF7FCAB739E}.Release|x64.ActiveCfg = Release|Any CPU
		{664A1223-3CB2-4F55-8369-6AF7FCAB739E}.Release|x64.Build.0 = Release|Any CPU
		{664A1223-3CB2-4F55-8369-6AF7FCAB739E}.Release|x86.ActiveCfg = Release|Any CPU
		{664A1223-3CB2-4F55-8369-6AF7FCAB739E}.Release|x86.Build.0 = Release|Any CPU
	EndGlobalSection
	GlobalSection(SolutionProperties) = preSolution
		HideSolutionNode = FALSE
	EndGlobalSection
	GlobalSection(ExtensibilityGlobals) = postSolution
		SolutionGuid = {161AA299-1285-4891-A2BF-050E22E8802A}
	EndGlobalSection
EndGlobal
